
Microsoft Visual Studio Solution File, Format Version 12.00
# Visual Studio Version 16
VisualStudioVersion = 16.0.808.5
MinimumVisualStudioVersion = 10.0.40219.1
Project("{FAE04EC0-301F-11D3-BF4B-00C04F79EFBC}") = "MyXamarinCounter.Android", "MyXamarinCounter.Android\MyXamarinCounter.Android.csproj", "{84F5E0F4-2CBF-4502-A45B-198E2C782D5F}"
EndProject
Project("{FAE04EC0-301F-11D3-BF4B-00C04F79EFBC}") = "MyXamarinCounter.iOS", "MyXamarinCounter.iOS\MyXamarinCounter.iOS.csproj", "{4DCAA8E4-941D-42E0-899B-85CB15E69D8A}"
EndProject
Project("{FAE04EC0-301F-11D3-BF4B-00C04F79EFBC}") = "MyXamarinCounter", "MyXamarinCounter\MyXamarinCounter.csproj", "{1379EBC0-8E14-4066-9C7E-5011BF54F575}"
EndProject
Global
	GlobalSection(SolutionConfigurationPlatforms) = preSolution
		Debug|Any CPU = Debug|Any CPU
		Release|Any CPU = Release|Any CPU
		Debug|iPhoneSimulator = Debug|iPhoneSimulator
		Release|iPhoneSimulator = Release|iPhoneSimulator
		Debug|iPhone = Debug|iPhone
		Release|iPhone = Release|iPhone
	EndGlobalSection
	GlobalSection(ProjectConfigurationPlatforms) = postSolution
		{84F5E0F4-2CBF-4502-A45B-198E2C782D5F}.Debug|Any CPU.ActiveCfg = Debug|Any CPU
		{84F5E0F4-2CBF-4502-A45B-198E2C782D5F}.Debug|Any CPU.Build.0 = Debug|Any CPU
		{84F5E0F4-2CBF-4502-A45B-198E2C782D5F}.Release|Any CPU.ActiveCfg = Release|Any CPU
		{84F5E0F4-2CBF-4502-A45B-198E2C782D5F}.Release|Any CPU.Build.0 = Release|Any CPU
		{84F5E0F4-2CBF-4502-A45B-198E2C782D5F}.Debug|iPhoneSimulator.ActiveCfg = Debug|Any CPU
		{84F5E0F4-2CBF-4502-A45B-198E2C782D5F}.Debug|iPhoneSimulator.Build.0 = Debug|Any CPU
		{84F5E0F4-2CBF-4502-A45B-198E2C782D5F}.Release|iPhoneSimulator.ActiveCfg = Release|Any CPU
		{84F5E0F4-2CBF-4502-A45B-198E2C782D5F}.Release|iPhoneSimulator.Build.0 = Release|Any CPU
		{84F5E0F4-2CBF-4502-A45B-198E2C782D5F}.Debug|iPhone.ActiveCfg = Debug|Any CPU
		{84F5E0F4-2CBF-4502-A45B-198E2C782D5F}.Debug|iPhone.Build.0 = Debug|Any CPU
		{84F5E0F4-2CBF-4502-A45B-198E2C782D5F}.Release|iPhone.ActiveCfg = Release|Any CPU
		{84F5E0F4-2CBF-4502-A45B-198E2C782D5F}.Release|iPhone.Build.0 = Release|Any CPU
		{4DCAA8E4-941D-42E0-899B-85CB15E69D8A}.Debug|Any CPU.ActiveCfg = Debug|iPhoneSimulator
		{4DCAA8E4-941D-42E0-899B-85CB15E69D8A}.Debug|Any CPU.Build.0 = Debug|iPhoneSimulator
		{4DCAA8E4-941D-42E0-899B-85CB15E69D8A}.Release|Any CPU.ActiveCfg = Release|iPhoneSimulator
		{4DCAA8E4-941D-42E0-899B-85CB15E69D8A}.Release|Any CPU.Build.0 = Release|iPhoneSimulator
		{4DCAA8E4-941D-42E0-899B-85CB15E69D8A}.Debug|iPhoneSimulator.ActiveCfg = Debug|iPhoneSimulator
		{4DCAA8E4-941D-42E0-899B-85CB15E69D8A}.Debug|iPhoneSimulator.Build.0 = Debug|iPhoneSimulator
		{4DCAA8E4-941D-42E0-899B-85CB15E69D8A}.Release|iPhoneSimulator.ActiveCfg = Release|iPhoneSimulator
		{4DCAA8E4-941D-42E0-899B-85CB15E69D8A}.Release|iPhoneSimulator.Build.0 = Release|iPhoneSimulator
		{4DCAA8E4-941D-42E0-899B-85CB15E69D8A}.Debug|iPhone.ActiveCfg = Debug|iPhone
		{4DCAA8E4-941D-42E0-899B-85CB15E69D8A}.Debug|iPhone.Build.0 = Debug|iPhone
		{4DCAA8E4-941D-42E0-899B-85CB15E69D8A}.Release|iPhone.ActiveCfg = Release|iPhone
		{4DCAA8E4-941D-42E0-899B-85CB15E69D8A}.Release|iPhone.Build.0 = Release|iPhone
		{1379EBC0-8E14-4066-9C7E-5011BF54F575}.Debug|Any CPU.ActiveCfg = Debug|Any CPU
		{1379EBC0-8E14-4066-9C7E-5011BF54F575}.Debug|Any CPU.Build.0 = Debug|Any CPU
		{1379EBC0-8E14-4066-9C7E-5011BF54F575}.Release|Any CPU.ActiveCfg = Release|Any CPU
		{1379EBC0-8E14-4066-9C7E-5011BF54F575}.Release|Any CPU.Build.0 = Release|Any CPU
		{1379EBC0-8E14-4066-9C7E-5011BF54F575}.Debug|iPhoneSimulator.ActiveCfg = Debug|Any CPU
		{1379EBC0-8E14-4066-9C7E-5011BF54F575}.Debug|iPhoneSimulator.Build.0 = Debug|Any CPU
		{1379EBC0-8E14-4066-9C7E-5011BF54F575}.Release|iPhoneSimulator.ActiveCfg = Release|Any CPU
		{1379EBC0-8E14-4066-9C7E-5011BF54F575}.Release|iPhoneSimulator.Build.0 = Release|Any CPU
		{1379EBC0-8E14-4066-9C7E-5011BF54F575}.Debug|iPhone.ActiveCfg = Debug|Any CPU
		{1379EBC0-8E14-4066-9C7E-5011BF54F575}.Debug|iPhone.Build.0 = Debug|Any CPU
		{1379EBC0-8E14-4066-9C7E-5011BF54F575}.Release|iPhone.ActiveCfg = Release|Any CPU
		{1379EBC0-8E14-4066-9C7E-5011BF54F575}.Release|iPhone.Build.0 = Release|Any CPU
	EndGlobalSection
	GlobalSection(SolutionProperties) = preSolution
		HideSolutionNode = FALSE
	EndGlobalSection
	GlobalSection(ExtensibilityGlobals) = postSolution
		SolutionGuid = {B745C748-4750-4C18-A4FB-A168ACEB7502}
	EndGlobalSection
EndGlobal
